
Microsoft Visual Studio Solution File, Format Version 12.00
# Visual Studio Version 17
VisualStudioVersion = 17.1.32421.90
MinimumVisualStudioVersion = 10.0.40219.1
Project("{FAE04EC0-301F-11D3-BF4B-00C04F79EFBC}") = "aprion", "aprion\aprion.csproj", "{77DC2825-0D68-41AD-9EFD-CA38A3A2A12E}"
EndProject
Global
	GlobalSection(SolutionConfigurationPlatforms) = preSolution
		Debug|Any CPU = Debug|Any CPU
		Release|Any CPU = Release|Any CPU
	EndGlobalSection
	GlobalSection(ProjectConfigurationPlatforms) = postSolution
		{77DC2825-0D68-41AD-9EFD-CA38A3A2A12E}.Debug|Any CPU.ActiveCfg = Debug|Any CPU
		{77DC2825-0D68-41AD-9EFD-CA38A3A2A12E}.Debug|Any CPU.Build.0 = Debug|Any CPU
		{77DC2825-0D68-41AD-9EFD-CA38A3A2A12E}.Release|Any CPU.ActiveCfg = Release|Any CPU
		{77DC2825-0D68-41AD-9EFD-CA38A3A2A12E}.Release|Any CPU.Build.0 = Release|Any CPU
	EndGlobalSection
	GlobalSection(SolutionProperties) = preSolution
		HideSolutionNode = FALSE
	EndGlobalSection
	GlobalSection(ExtensibilityGlobals) = postSolution
		SolutionGuid = {580D18A2-3EAB-48E4-B1C5-66FF38F50607}
	EndGlobalSection
EndGlobal
